// !$*UTF8*$!
{
	archiveVersion = 1;
	classes = {
	};
	objectVersion = 46;
	objects = {

/* Begin PBXBuildFile section */
		23C80A0E1D7D004500D4710B /* main.m in Sources */ = {isa = PBXBuildFile; fileRef = 23C80A0D1D7D004500D4710B /* main.m */; };
		23C80A111D7D004500D4710B /* AppDelegate.m in Sources */ = {isa = PBXBuildFile; fileRef = 23C80A101D7D004500D4710B /* AppDelegate.m */; };
		23C80A141D7D004500D4710B /* ViewController.m in Sources */ = {isa = PBXBuildFile; fileRef = 23C80A131D7D004500D4710B /* ViewController.m */; };
		23C80A171D7D004500D4710B /* Main.storyboard in Resources */ = {isa = PBXBuildFile; fileRef = 23C80A151D7D004500D4710B /* Main.storyboard */; };
		23C80A191D7D004500D4710B /* Assets.xcassets in Resources */ = {isa = PBXBuildFile; fileRef = 23C80A181D7D004500D4710B /* Assets.xcassets */; };
		23C80A1C1D7D004500D4710B /* LaunchScreen.storyboard in Resources */ = {isa = PBXBuildFile; fileRef = 23C80A1A1D7D004500D4710B /* LaunchScreen.storyboard */; };
		23C80A271D7D004500D4710B /* _____Tests.m in Sources */ = {isa = PBXBuildFile; fileRef = 23C80A261D7D004500D4710B /* _____Tests.m */; };
		23C80A321D7D004500D4710B /* _____UITests.m in Sources */ = {isa = PBXBuildFile; fileRef = 23C80A311D7D004500D4710B /* _____UITests.m */; };
		BAC2396D565505678E06132A /* libPods-百思不得姐.a in Frameworks */ = {isa = PBXBuildFile; fileRef = C69215DBAFE10A1E0060A2DB /* libPods-百思不得姐.a */; };
/* End PBXBuildFile section */

/* Begin PBXContainerItemProxy section */
		23C80A231D7D004500D4710B /* PBXContainerItemProxy */ = {
			isa = PBXContainerItemProxy;
			containerPortal = 23C80A011D7D004500D4710B /* Project object */;
			proxyType = 1;
			remoteGlobalIDString = 23C80A081D7D004500D4710B;
			remoteInfo = "百思不得姐";
		};
		23C80A2E1D7D004500D4710B /* PBXContainerItemProxy */ = {
			isa = PBXContainerItemProxy;
			containerPortal = 23C80A011D7D004500D4710B /* Project object */;
			proxyType = 1;
			remoteGlobalIDString = 23C80A081D7D004500D4710B;
			remoteInfo = "百思不得姐";
		};
/* End PBXContainerItemProxy section */

/* Begin PBXFileReference section */
		23C80A091D7D004500D4710B /* 百思不得姐.app */ = {isa = PBXFileReference; explicitFileType = wrapper.application; includeInIndex = 0; path = "百思不得姐.app"; sourceTree = BUILT_PRODUCTS_DIR; };
		23C80A0D1D7D004500D4710B /* main.m */ = {isa = PBXFileReference; lastKnownFileType = sourcecode.c.objc; path = main.m; sourceTree = "<group>"; };
		23C80A0F1D7D004500D4710B /* AppDelegate.h */ = {isa = PBXFileReference; lastKnownFileType = sourcecode.c.h; path = AppDelegate.h; sourceTree = "<group>"; };
		23C80A101D7D004500D4710B /* AppDelegate.m */ = {isa = PBXFileReference; lastKnownFileType = sourcecode.c.objc; path = AppDelegate.m; sourceTree = "<group>"; };
		23C80A121D7D004500D4710B /* ViewController.h */ = {isa = PBXFileReference; lastKnownFileType = sourcecode.c.h; path = ViewController.h; sourceTree = "<group>"; };
		23C80A131D7D004500D4710B /* ViewController.m */ = {isa = PBXFileReference; lastKnownFileType = sourcecode.c.objc; path = ViewController.m; sourceTree = "<group>"; };
		23C80A161D7D004500D4710B /* Base */ = {isa = PBXFileReference; lastKnownFileType = file.storyboard; name = Base; path = Base.lproj/Main.storyboard; sourceTree = "<group>"; };
		23C80A181D7D004500D4710B /* Assets.xcassets */ = {isa = PBXFileReference; lastKnownFileType = folder.assetcatalog; path = Assets.xcassets; sourceTree = "<group>"; };
		23C80A1B1D7D004500D4710B /* Base */ = {isa = PBXFileReference; lastKnownFileType = file.storyboard; name = Base; path = Base.lproj/LaunchScreen.storyboard; sourceTree = "<group>"; };
		23C80A1D1D7D004500D4710B /* Info.plist */ = {isa = PBXFileReference; lastKnownFileType = text.plist.xml; path = Info.plist; sourceTree = "<group>"; };
		23C80A221D7D004500D4710B /* 百思不得姐Tests.xctest */ = {isa = PBXFileReference; explicitFileType = wrapper.cfbundle; includeInIndex = 0; path = "百思不得姐Tests.xctest"; sourceTree = BUILT_PRODUCTS_DIR; };
		23C80A261D7D004500D4710B /* _____Tests.m */ = {isa = PBXFileReference; lastKnownFileType = sourcecode.c.objc; path = "_____Tests.m"; sourceTree = "<group>"; };
		23C80A281D7D004500D4710B /* Info.plist */ = {isa = PBXFileReference; lastKnownFileType = text.plist.xml; path = Info.plist; sourceTree = "<group>"; };
		23C80A2D1D7D004500D4710B /* 百思不得姐UITests.xctest */ = {isa = PBXFileReference; explicitFileType = wrapper.cfbundle; includeInIndex = 0; path = "百思不得姐UITests.xctest"; sourceTree = BUILT_PRODUCTS_DIR; };
		23C80A311D7D004500D4710B /* _____UITests.m */ = {isa = PBXFileReference; lastKnownFileType = sourcecode.c.objc; path = "_____UITests.m"; sourceTree = "<group>"; };
		23C80A331D7D004500D4710B /* Info.plist */ = {isa = PBXFileReference; lastKnownFileType = text.plist.xml; path = Info.plist; sourceTree = "<group>"; };
		307B560E9E14823EC5A279E3 /* Pods-百思不得姐.release.xcconfig */ = {isa = PBXFileReference; includeInIndex = 1; lastKnownFileType = text.xcconfig; name = "Pods-百思不得姐.release.xcconfig"; path = "Pods/Target Support Files/Pods-百思不得姐/Pods-百思不得姐.release.xcconfig"; sourceTree = "<group>"; };
		3BCFDF2B035A75824DA63705 /* Pods-百思不得姐.debug.xcconfig */ = {isa = PBXFileReference; includeInIndex = 1; lastKnownFileType = text.xcconfig; name = "Pods-百思不得姐.debug.xcconfig"; path = "Pods/Target Support Files/Pods-百思不得姐/Pods-百思不得姐.debug.xcconfig"; sourceTree = "<group>"; };
		C69215DBAFE10A1E0060A2DB /* libPods-百思不得姐.a */ = {isa = PBXFileReference; explicitFileType = archive.ar; includeInIndex = 0; path = "libPods-百思不得姐.a"; sourceTree = BUILT_PRODUCTS_DIR; };
/* End PBXFileReference section */

/* Begin PBXFrameworksBuildPhase section */
		23C80A061D7D004500D4710B /* Frameworks */ = {
			isa = PBXFrameworksBuildPhase;
			buildActionMask = 2147483647;
			files = (
				BAC2396D565505678E06132A /* libPods-百思不得姐.a in Frameworks */,
			);
			runOnlyForDeploymentPostprocessing = 0;
		};
		23C80A1F1D7D004500D4710B /* Frameworks */ = {
			isa = PBXFrameworksBuildPhase;
			buildActionMask = 2147483647;
			files = (
			);
			runOnlyForDeploymentPostprocessing = 0;
		};
		23C80A2A1D7D004500D4710B /* Frameworks */ = {
			isa = PBXFrameworksBuildPhase;
			buildActionMask = 2147483647;
			files = (
			);
			runOnlyForDeploymentPostprocessing = 0;
		};
/* End PBXFrameworksBuildPhase section */

/* Begin PBXGroup section */
		23C80A001D7D004500D4710B = {
			isa = PBXGroup;
			children = (
				23C80A0B1D7D004500D4710B /* 百思不得姐 */,
				23C80A251D7D004500D4710B /* 百思不得姐Tests */,
				23C80A301D7D004500D4710B /* 百思不得姐UITests */,
				23C80A0A1D7D004500D4710B /* Products */,
				574903BDC02A2D19D19BCD17 /* Pods */,
				2A40384B43633FA1994DE474 /* Frameworks */,
			);
			sourceTree = "<group>";
		};
		23C80A0A1D7D004500D4710B /* Products */ = {
			isa = PBXGroup;
			children = (
				23C80A091D7D004500D4710B /* 百思不得姐.app */,
				23C80A221D7D004500D4710B /* 百思不得姐Tests.xctest */,
				23C80A2D1D7D004500D4710B /* 百思不得姐UITests.xctest */,
			);
			name = Products;
			sourceTree = "<group>";
		};
		23C80A0B1D7D004500D4710B /* 百思不得姐 */ = {
			isa = PBXGroup;
			children = (
				23C80A3F1D7D018900D4710B /* classes */,
				23C80A551D7D018900D4710B /* resources */,
				23C80A0F1D7D004500D4710B /* AppDelegate.h */,
				23C80A101D7D004500D4710B /* AppDelegate.m */,
				23C80A121D7D004500D4710B /* ViewController.h */,
				23C80A131D7D004500D4710B /* ViewController.m */,
				23C80A151D7D004500D4710B /* Main.storyboard */,
				23C80A181D7D004500D4710B /* Assets.xcassets */,
				23C80A1A1D7D004500D4710B /* LaunchScreen.storyboard */,
				23C80A1D1D7D004500D4710B /* Info.plist */,
				23C80A0C1D7D004500D4710B /* Supporting Files */,
			);
			path = "百思不得姐";
			sourceTree = "<group>";
		};
		23C80A0C1D7D004500D4710B /* Supporting Files */ = {
			isa = PBXGroup;
			children = (
				23C80A0D1D7D004500D4710B /* main.m */,
			);
			name = "Supporting Files";
			sourceTree = "<group>";
		};
		23C80A251D7D004500D4710B /* 百思不得姐Tests */ = {
			isa = PBXGroup;
			children = (
				23C80A261D7D004500D4710B /* _____Tests.m */,
				23C80A281D7D004500D4710B /* Info.plist */,
			);
			path = "百思不得姐Tests";
			sourceTree = "<group>";
		};
		23C80A301D7D004500D4710B /* 百思不得姐UITests */ = {
			isa = PBXGroup;
			children = (
				23C80A311D7D004500D4710B /* _____UITests.m */,
				23C80A331D7D004500D4710B /* Info.plist */,
			);
			path = "百思不得姐UITests";
			sourceTree = "<group>";
		};
		23C80A3F1D7D018900D4710B /* classes */ = {
			isa = PBXGroup;
			children = (
				23C80A401D7D018900D4710B /* common */,
				23C80A411D7D018900D4710B /* 关注 */,
				23C80A451D7D018900D4710B /* 我 */,
				23C80A491D7D018900D4710B /* 最新 */,
				23C80A4D1D7D018900D4710B /* 添加 */,
				23C80A511D7D018900D4710B /* 精华 */,
			);
			path = classes;
			sourceTree = "<group>";
		};
		23C80A401D7D018900D4710B /* common */ = {
			isa = PBXGroup;
			children = (
				23C80A561D7D01C300D4710B /* view */,
				23C80A571D7D01C300D4710B /* model */,
				23C80A581D7D01C300D4710B /* controller */,
			);
			path = common;
			sourceTree = "<group>";
		};
		23C80A411D7D018900D4710B /* 关注 */ = {
			isa = PBXGroup;
			children = (
				23C80A421D7D018900D4710B /* controller */,
				23C80A431D7D018900D4710B /* model */,
				23C80A441D7D018900D4710B /* view */,
			);
			path = "关注";
			sourceTree = "<group>";
		};
		23C80A421D7D018900D4710B /* controller */ = {
			isa = PBXGroup;
			children = (
			);
			path = controller;
			sourceTree = "<group>";
		};
		23C80A431D7D018900D4710B /* model */ = {
			isa = PBXGroup;
			children = (
			);
			path = model;
			sourceTree = "<group>";
		};
		23C80A441D7D018900D4710B /* view */ = {
			isa = PBXGroup;
			children = (
			);
			path = view;
			sourceTree = "<group>";
		};
		23C80A451D7D018900D4710B /* 我 */ = {
			isa = PBXGroup;
			children = (
				23C80A461D7D018900D4710B /* controller */,
				23C80A471D7D018900D4710B /* model */,
				23C80A481D7D018900D4710B /* view */,
			);
			path = "我";
			sourceTree = "<group>";
		};
		23C80A461D7D018900D4710B /* controller */ = {
			isa = PBXGroup;
			children = (
			);
			path = controller;
			sourceTree = "<group>";
		};
		23C80A471D7D018900D4710B /* model */ = {
			isa = PBXGroup;
			children = (
			);
			path = model;
			sourceTree = "<group>";
		};
		23C80A481D7D018900D4710B /* view */ = {
			isa = PBXGroup;
			children = (
			);
			path = view;
			sourceTree = "<group>";
		};
		23C80A491D7D018900D4710B /* 最新 */ = {
			isa = PBXGroup;
			children = (
				23C80A4A1D7D018900D4710B /* controller */,
				23C80A4B1D7D018900D4710B /* model */,
				23C80A4C1D7D018900D4710B /* view */,
			);
			path = "最新";
			sourceTree = "<group>";
		};
		23C80A4A1D7D018900D4710B /* controller */ = {
			isa = PBXGroup;
			children = (
			);
			path = controller;
			sourceTree = "<group>";
		};
		23C80A4B1D7D018900D4710B /* model */ = {
			isa = PBXGroup;
			children = (
			);
			path = model;
			sourceTree = "<group>";
		};
		23C80A4C1D7D018900D4710B /* view */ = {
			isa = PBXGroup;
			children = (
			);
			path = view;
			sourceTree = "<group>";
		};
		23C80A4D1D7D018900D4710B /* 添加 */ = {
			isa = PBXGroup;
			children = (
				23C80A4E1D7D018900D4710B /* controller */,
				23C80A4F1D7D018900D4710B /* model */,
				23C80A501D7D018900D4710B /* view */,
			);
			path = "添加";
			sourceTree = "<group>";
		};
		23C80A4E1D7D018900D4710B /* controller */ = {
			isa = PBXGroup;
			children = (
			);
			path = controller;
			sourceTree = "<group>";
		};
		23C80A4F1D7D018900D4710B /* model */ = {
			isa = PBXGroup;
			children = (
			);
			path = model;
			sourceTree = "<group>";
		};
		23C80A501D7D018900D4710B /* view */ = {
			isa = PBXGroup;
			children = (
			);
			path = view;
			sourceTree = "<group>";
		};
		23C80A511D7D018900D4710B /* 精华 */ = {
			isa = PBXGroup;
			children = (
				23C80A521D7D018900D4710B /* controller */,
				23C80A531D7D018900D4710B /* model */,
				23C80A541D7D018900D4710B /* view */,
			);
			path = "精华";
			sourceTree = "<group>";
		};
		23C80A521D7D018900D4710B /* controller */ = {
			isa = PBXGroup;
			children = (
			);
			path = controller;
			sourceTree = "<group>";
		};
		23C80A531D7D018900D4710B /* model */ = {
			isa = PBXGroup;
			children = (
			);
			path = model;
			sourceTree = "<group>";
		};
		23C80A541D7D018900D4710B /* view */ = {
			isa = PBXGroup;
			children = (
			);
			path = view;
			sourceTree = "<group>";
		};
		23C80A551D7D018900D4710B /* resources */ = {
			isa = PBXGroup;
			children = (
			);
			path = resources;
			sourceTree = "<group>";
		};
		23C80A561D7D01C300D4710B /* view */ = {
			isa = PBXGroup;
			children = (
			);
			path = view;
			sourceTree = "<group>";
		};
		23C80A571D7D01C300D4710B /* model */ = {
			isa = PBXGroup;
			children = (
			);
			path = model;
			sourceTree = "<group>";
		};
		23C80A581D7D01C300D4710B /* controller */ = {
			isa = PBXGroup;
			children = (
			);
			path = controller;
			sourceTree = "<group>";
		};
		2A40384B43633FA1994DE474 /* Frameworks */ = {
			isa = PBXGroup;
			children = (
				C69215DBAFE10A1E0060A2DB /* libPods-百思不得姐.a */,
			);
			name = Frameworks;
			sourceTree = "<group>";
		};
		574903BDC02A2D19D19BCD17 /* Pods */ = {
			isa = PBXGroup;
			children = (
				3BCFDF2B035A75824DA63705 /* Pods-百思不得姐.debug.xcconfig */,
				307B560E9E14823EC5A279E3 /* Pods-百思不得姐.release.xcconfig */,
			);
			name = Pods;
			sourceTree = "<group>";
		};
/* End PBXGroup section */

/* Begin PBXNativeTarget section */
		23C80A081D7D004500D4710B /* 百思不得姐 */ = {
			isa = PBXNativeTarget;
			buildConfigurationList = 23C80A361D7D004500D4710B /* Build configuration list for PBXNativeTarget "百思不得姐" */;
			buildPhases = (
				2952FE9D1DC00E6EED6FE1EC /* [CP] Check Pods Manifest.lock */,
				23C80A051D7D004500D4710B /* Sources */,
				23C80A061D7D004500D4710B /* Frameworks */,
				23C80A071D7D004500D4710B /* Resources */,
				B2A3C7DE16D5A0EF863A7414 /* [CP] Embed Pods Frameworks */,
				4D139D9AD561322431D1023C /* [CP] Copy Pods Resources */,
			);
			buildRules = (
			);
			dependencies = (
			);
			name = "百思不得姐";
			productName = "百思不得姐";
			productReference = 23C80A091D7D004500D4710B /* 百思不得姐.app */;
			productType = "com.apple.product-type.application";
		};
		23C80A211D7D004500D4710B /* 百思不得姐Tests */ = {
			isa = PBXNativeTarget;
			buildConfigurationList = 23C80A391D7D004500D4710B /* Build configuration list for PBXNativeTarget "百思不得姐Tests" */;
			buildPhases = (
				23C80A1E1D7D004500D4710B /* Sources */,
				23C80A1F1D7D004500D4710B /* Frameworks */,
				23C80A201D7D004500D4710B /* Resources */,
			);
			buildRules = (
			);
			dependencies = (
				23C80A241D7D004500D4710B /* PBXTargetDependency */,
			);
			name = "百思不得姐Tests";
			productName = "百思不得姐Tests";
			productReference = 23C80A221D7D004500D4710B /* 百思不得姐Tests.xctest */;
			productType = "com.apple.product-type.bundle.unit-test";
		};
		23C80A2C1D7D004500D4710B /* 百思不得姐UITests */ = {
			isa = PBXNativeTarget;
			buildConfigurationList = 23C80A3C1D7D004500D4710B /* Build configuration list for PBXNativeTarget "百思不得姐UITests" */;
			buildPhases = (
				23C80A291D7D004500D4710B /* Sources */,
				23C80A2A1D7D004500D4710B /* Frameworks */,
				23C80A2B1D7D004500D4710B /* Resources */,
			);
			buildRules = (
			);
			dependencies = (
				23C80A2F1D7D004500D4710B /* PBXTargetDependency */,
			);
			name = "百思不得姐UITests";
			productName = "百思不得姐UITests";
			productReference = 23C80A2D1D7D004500D4710B /* 百思不得姐UITests.xctest */;
			productType = "com.apple.product-type.bundle.ui-testing";
		};
/* End PBXNativeTarget section */

/* Begin PBXProject section */
		23C80A011D7D004500D4710B /* Project object */ = {
			isa = PBXProject;
			attributes = {
				LastUpgradeCheck = 0730;
				ORGANIZATIONNAME = "邓江洲";
				TargetAttributes = {
					23C80A081D7D004500D4710B = {
						CreatedOnToolsVersion = 7.3.1;
						DevelopmentTeam = 32JV4N2CEB;
					};
					23C80A211D7D004500D4710B = {
						CreatedOnToolsVersion = 7.3.1;
						DevelopmentTeam = 32JV4N2CEB;
						TestTargetID = 23C80A081D7D004500D4710B;
					};
					23C80A2C1D7D004500D4710B = {
						CreatedOnToolsVersion = 7.3.1;
						DevelopmentTeam = 32JV4N2CEB;
						TestTargetID = 23C80A081D7D004500D4710B;
					};
				};
			};
			buildConfigurationList = 23C80A041D7D004500D4710B /* Build configuration list for PBXProject "百思不得姐" */;
			compatibilityVersion = "Xcode 3.2";
			developmentRegion = English;
			hasScannedForEncodings = 0;
			knownRegions = (
				en,
				Base,
			);
			mainGroup = 23C80A001D7D004500D4710B;
			productRefGroup = 23C80A0A1D7D004500D4710B /* Products */;
			projectDirPath = "";
			projectRoot = "";
			targets = (
				23C80A081D7D004500D4710B /* 百思不得姐 */,
				23C80A211D7D004500D4710B /* 百思不得姐Tests */,
				23C80A2C1D7D004500D4710B /* 百思不得姐UITests */,
			);
		};
/* End PBXProject section */

/* Begin PBXResourcesBuildPhase section */
		23C80A071D7D004500D4710B /* Resources */ = {
			isa = PBXResourcesBuildPhase;
			buildActionMask = 2147483647;
			files = (
				23C80A1C1D7D004500D4710B /* LaunchScreen.storyboard in Resources */,
				23C80A191D7D004500D4710B /* Assets.xcassets in Resources */,
				23C80A171D7D004500D4710B /* Main.storyboard in Resources */,
			);
			runOnlyForDeploymentPostprocessing = 0;
		};
		23C80A201D7D004500D4710B /* Resources */ = {
			isa = PBXResourcesBuildPhase;
			buildActionMask = 2147483647;
			files = (
			);
			runOnlyForDeploymentPostprocessing = 0;
		};
		23C80A2B1D7D004500D4710B /* Resources */ = {
			isa = PBXResourcesBuildPhase;
			buildActionMask = 2147483647;
			files = (
			);
			runOnlyForDeploymentPostprocessing = 0;
		};
/* End PBXResourcesBuildPhase section */

/* Begin PBXShellScriptBuildPhase section */
		2952FE9D1DC00E6EED6FE1EC /* [CP] Check Pods Manifest.lock */ = {
			isa = PBXShellScriptBuildPhase;
			buildActionMask = 2147483647;
			files = (
			);
			inputPaths = (
			);
			name = "[CP] Check Pods Manifest.lock";
			outputPaths = (
			);
			runOnlyForDeploymentPostprocessing = 0;
			shellPath = /bin/sh;
			shellScript = "diff \"${PODS_ROOT}/../Podfile.lock\" \"${PODS_ROOT}/Manifest.lock\" > /dev/null\nif [[ $? != 0 ]] ; then\n    cat << EOM\nerror: The sandbox is not in sync with the Podfile.lock. Run 'pod install' or update your CocoaPods installation.\nEOM\n    exit 1\nfi\n";
			showEnvVarsInLog = 0;
		};
		4D139D9AD561322431D1023C /* [CP] Copy Pods Resources */ = {
			isa = PBXShellScriptBuildPhase;
			buildActionMask = 2147483647;
			files = (
			);
			inputPaths = (
			);
			name = "[CP] Copy Pods Resources";
			outputPaths = (
			);
			runOnlyForDeploymentPostprocessing = 0;
			shellPath = /bin/sh;
			shellScript = "\"${SRCROOT}/Pods/Target Support Files/Pods-百思不得姐/Pods-百思不得姐-resources.sh\"\n";
			showEnvVarsInLog = 0;
		};
		B2A3C7DE16D5A0EF863A7414 /* [CP] Embed Pods Frameworks */ = {
			isa = PBXShellScriptBuildPhase;
			buildActionMask = 2147483647;
			files = (
			);
			inputPaths = (
			);
			name = "[CP] Embed Pods Frameworks";
			outputPaths = (
			);
			runOnlyForDeploymentPostprocessing = 0;
			shellPath = /bin/sh;
			shellScript = "\"${SRCROOT}/Pods/Target Support Files/Pods-百思不得姐/Pods-百思不得姐-frameworks.sh\"\n";
			showEnvVarsInLog = 0;
		};
/* End PBXShellScriptBuildPhase section */

/* Begin PBXSourcesBuildPhase section */
		23C80A051D7D004500D4710B /* Sources */ = {
			isa = PBXSourcesBuildPhase;
			buildActionMask = 2147483647;
			files = (
				23C80A141D7D004500D4710B /* ViewController.m in Sources */,
				23C80A111D7D004500D4710B /* AppDelegate.m in Sources */,
				23C80A0E1D7D004500D4710B /* main.m in Sources */,
			);
			runOnlyForDeploymentPostprocessing = 0;
		};
		23C80A1E1D7D004500D4710B /* Sources */ = {
			isa = PBXSourcesBuildPhase;
			buildActionMask = 2147483647;
			files = (
				23C80A271D7D004500D4710B /* _____Tests.m in Sources */,
			);
			runOnlyForDeploymentPostprocessing = 0;
		};
		23C80A291D7D004500D4710B /* Sources */ = {
			isa = PBXSourcesBuildPhase;
			buildActionMask = 2147483647;
			files = (
				23C80A321D7D004500D4710B /* _____UITests.m in Sources */,
			);
			runOnlyForDeploymentPostprocessing = 0;
		};
/* End PBXSourcesBuildPhase section */

/* Begin PBXTargetDependency section */
		23C80A241D7D004500D4710B /* PBXTargetDependency */ = {
			isa = PBXTargetDependency;
			target = 23C80A081D7D004500D4710B /* 百思不得姐 */;
			targetProxy = 23C80A231D7D004500D4710B /* PBXContainerItemProxy */;
		};
		23C80A2F1D7D004500D4710B /* PBXTargetDependency */ = {
			isa = PBXTargetDependency;
			target = 23C80A081D7D004500D4710B /* 百思不得姐 */;
			targetProxy = 23C80A2E1D7D004500D4710B /* PBXContainerItemProxy */;
		};
/* End PBXTargetDependency section */

/* Begin PBXVariantGroup section */
		23C80A151D7D004500D4710B /* Main.storyboard */ = {
			isa = PBXVariantGroup;
			children = (
				23C80A161D7D004500D4710B /* Base */,
			);
			name = Main.storyboard;
			sourceTree = "<group>";
		};
		23C80A1A1D7D004500D4710B /* LaunchScreen.storyboard */ = {
			isa = PBXVariantGroup;
			children = (
				23C80A1B1D7D004500D4710B /* Base */,
			);
			name = LaunchScreen.storyboard;
			sourceTree = "<group>";
		};
/* End PBXVariantGroup section */

/* Begin XCBuildConfiguration section */
		23C80A341D7D004500D4710B /* Debug */ = {
			isa = XCBuildConfiguration;
			buildSettings = {
				ALWAYS_SEARCH_USER_PATHS = NO;
				CLANG_ANALYZER_NONNULL = YES;
				CLANG_CXX_LANGUAGE_STANDARD = "gnu++0x";
				CLANG_CXX_LIBRARY = "libc++";
				CLANG_ENABLE_MODULES = YES;
				CLANG_ENABLE_OBJC_ARC = YES;
				CLANG_WARN_BOOL_CONVERSION = YES;
				CLANG_WARN_CONSTANT_CONVERSION = YES;
				CLANG_WARN_DIRECT_OBJC_ISA_USAGE = YES_ERROR;
				CLANG_WARN_EMPTY_BODY = YES;
				CLANG_WARN_ENUM_CONVERSION = YES;
				CLANG_WARN_INT_CONVERSION = YES;
				CLANG_WARN_OBJC_ROOT_CLASS = YES_ERROR;
				CLANG_WARN_UNREACHABLE_CODE = YES;
				CLANG_WARN__DUPLICATE_METHOD_MATCH = YES;
				"CODE_SIGN_IDENTITY[sdk=iphoneos*]" = "iPhone Developer";
				COPY_PHASE_STRIP = NO;
				DEBUG_INFORMATION_FORMAT = dwarf;
				ENABLE_STRICT_OBJC_MSGSEND = YES;
				ENABLE_TESTABILITY = YES;
				GCC_C_LANGUAGE_STANDARD = gnu99;
				GCC_DYNAMIC_NO_PIC = NO;
				GCC_NO_COMMON_BLOCKS = YES;
				GCC_OPTIMIZATION_LEVEL = 0;
				GCC_PREPROCESSOR_DEFINITIONS = (
					"DEBUG=1",
					"$(inherited)",
				);
				GCC_WARN_64_TO_32_BIT_CONVERSION = YES;
				GCC_WARN_ABOUT_RETURN_TYPE = YES_ERROR;
				GCC_WARN_UNDECLARED_SELECTOR = YES;
				GCC_WARN_UNINITIALIZED_AUTOS = YES_AGGRESSIVE;
				GCC_WARN_UNUSED_FUNCTION = YES;
				GCC_WARN_UNUSED_VARIABLE = YES;
				IPHONEOS_DEPLOYMENT_TARGET = 9.3;
				MTL_ENABLE_DEBUG_INFO = YES;
				ONLY_ACTIVE_ARCH = YES;
				SDKROOT = iphoneos;
			};
			name = Debug;
		};
		23C80A351D7D004500D4710B /* Release */ = {
			isa = XCBuildConfiguration;
			buildSettings = {
				ALWAYS_SEARCH_USER_PATHS = NO;
				CLANG_ANALYZER_NONNULL = YES;
				CLANG_CXX_LANGUAGE_STANDARD = "gnu++0x";
				CLANG_CXX_LIBRARY = "libc++";
				CLANG_ENABLE_MODULES = YES;
				CLANG_ENABLE_OBJC_ARC = YES;
				CLANG_WARN_BOOL_CONVERSION = YES;
				CLANG_WARN_CONSTANT_CONVERSION = YES;
				CLANG_WARN_DIRECT_OBJC_ISA_USAGE = YES_ERROR;
				CLANG_WARN_EMPTY_BODY = YES;
				CLANG_WARN_ENUM_CONVERSION = YES;
				CLANG_WARN_INT_CONVERSION = YES;
				CLANG_WARN_OBJC_ROOT_CLASS = YES_ERROR;
				CLANG_WARN_UNREACHABLE_CODE = YES;
				CLANG_WARN__DUPLICATE_METHOD_MATCH = YES;
				"CODE_SIGN_IDENTITY[sdk=iphoneos*]" = "iPhone Developer";
				COPY_PHASE_STRIP = NO;
				DEBUG_INFORMATION_FORMAT = "dwarf-with-dsym";
				ENABLE_NS_ASSERTIONS = NO;
				ENABLE_STRICT_OBJC_MSGSEND = YES;
				GCC_C_LANGUAGE_STANDARD = gnu99;
				GCC_NO_COMMON_BLOCKS = YES;
				GCC_WARN_64_TO_32_BIT_CONVERSION = YES;
				GCC_WARN_ABOUT_RETURN_TYPE = YES_ERROR;
				GCC_WARN_UNDECLARED_SELECTOR = YES;
				GCC_WARN_UNINITIALIZED_AUTOS = YES_AGGRESSIVE;
				GCC_WARN_UNUSED_FUNCTION = YES;
				GCC_WARN_UNUSED_VARIABLE = YES;
				IPHONEOS_DEPLOYMENT_TARGET = 9.3;
				MTL_ENABLE_DEBUG_INFO = NO;
				SDKROOT = iphoneos;
				VALIDATE_PRODUCT = YES;
			};
			name = Release;
		};
		23C80A371D7D004500D4710B /* Debug */ = {
			isa = XCBuildConfiguration;
			baseConfigurationReference = 3BCFDF2B035A75824DA63705 /* Pods-百思不得姐.debug.xcconfig */;
			buildSettings = {
				ASSETCATALOG_COMPILER_APPICON_NAME = AppIcon;
				INFOPLIST_FILE = "百思不得姐/Info.plist";
				LD_RUNPATH_SEARCH_PATHS = "$(inherited) @executable_path/Frameworks";
				PRODUCT_BUNDLE_IDENTIFIER = "apple1000Phone.-----";
				PRODUCT_NAME = "$(TARGET_NAME)";
			};
			name = Debug;
		};
		23C80A381D7D004500D4710B /* Release */ = {
			isa = XCBuildConfiguration;
			baseConfigurationReference = 307B560E9E14823EC5A279E3 /* Pods-百思不得姐.release.xcconfig */;
			buildSettings = {
				ASSETCATALOG_COMPILER_APPICON_NAME = AppIcon;
				INFOPLIST_FILE = "百思不得姐/Info.plist";
				LD_RUNPATH_SEARCH_PATHS = "$(inherited) @executable_path/Frameworks";
				PRODUCT_BUNDLE_IDENTIFIER = "apple1000Phone.-----";
				PRODUCT_NAME = "$(TARGET_NAME)";
			};
			name = Release;
		};
		23C80A3A1D7D004500D4710B /* Debug */ = {
			isa = XCBuildConfiguration;
			buildSettings = {
				BUNDLE_LOADER = "$(TEST_HOST)";
				INFOPLIST_FILE = "百思不得姐Tests/Info.plist";
				LD_RUNPATH_SEARCH_PATHS = "$(inherited) @executable_path/Frameworks @loader_path/Frameworks";
				PRODUCT_BUNDLE_IDENTIFIER = "apple1000Phone.-----Tests";
				PRODUCT_NAME = "$(TARGET_NAME)";
				TEST_HOST = "$(BUILT_PRODUCTS_DIR)/百思不得姐.app/百思不得姐";
			};
			name = Debug;
		};
		23C80A3B1D7D004500D4710B /* Release */ = {
			isa = XCBuildConfiguration;
			buildSettings = {
				BUNDLE_LOADER = "$(TEST_HOST)";
				INFOPLIST_FILE = "百思不得姐Tests/Info.plist";
				LD_RUNPATH_SEARCH_PATHS = "$(inherited) @executable_path/Frameworks @loader_path/Frameworks";
				PRODUCT_BUNDLE_IDENTIFIER = "apple1000Phone.-----Tests";
				PRODUCT_NAME = "$(TARGET_NAME)";
				TEST_HOST = "$(BUILT_PRODUCTS_DIR)/百思不得姐.app/百思不得姐";
			};
			name = Release;
		};
		23C80A3D1D7D004500D4710B /* Debug */ = {
			isa = XCBuildConfiguration;
			buildSettings = {
				INFOPLIST_FILE = "百思不得姐UITests/Info.plist";
				LD_RUNPATH_SEARCH_PATHS = "$(inherited) @executable_path/Frameworks @loader_path/Frameworks";
				PRODUCT_BUNDLE_IDENTIFIER = "apple1000Phone.-----UITests";
				PRODUCT_NAME = "$(TARGET_NAME)";
				TEST_TARGET_NAME = "百思不得姐";
			};
			name = Debug;
		};
		23C80A3E1D7D004500D4710B /* Release */ = {
			isa = XCBuildConfiguration;
			buildSettings = {
				INFOPLIST_FILE = "百思不得姐UITests/Info.plist";
				LD_RUNPATH_SEARCH_PATHS = "$(inherited) @executable_path/Frameworks @loader_path/Frameworks";
				PRODUCT_BUNDLE_IDENTIFIER = "apple1000Phone.-----UITests";
				PRODUCT_NAME = "$(TARGET_NAME)";
				TEST_TARGET_NAME = "百思不得姐";
			};
			name = Release;
		};
/* End XCBuildConfiguration section */

/* Begin XCConfigurationList section */
		23C80A041D7D004500D4710B /* Build configuration list for PBXProject "百思不得姐" */ = {
			isa = XCConfigurationList;
			buildConfigurations = (
				23C80A341D7D004500D4710B /* Debug */,
				23C80A351D7D004500D4710B /* Release */,
			);
			defaultConfigurationIsVisible = 0;
			defaultConfigurationName = Release;
		};
		23C80A361D7D004500D4710B /* Build configuration list for PBXNativeTarget "百思不得姐" */ = {
			isa = XCConfigurationList;
			buildConfigurations = (
				23C80A371D7D004500D4710B /* Debug */,
				23C80A381D7D004500D4710B /* Release */,
			);
			defaultConfigurationIsVisible = 0;
			defaultConfigurationName = Release;
		};
		23C80A391D7D004500D4710B /* Build configuration list for PBXNativeTarget "百思不得姐Tests" */ = {
			isa = XCConfigurationList;
			buildConfigurations = (
				23C80A3A1D7D004500D4710B /* Debug */,
				23C80A3B1D7D004500D4710B /* Release */,
			);
			defaultConfigurationIsVisible = 0;
			defaultConfigurationName = Release;
		};
		23C80A3C1D7D004500D4710B /* Build configuration list for PBXNativeTarget "百思不得姐UITests" */ = {
			isa = XCConfigurationList;
			buildConfigurations = (
				23C80A3D1D7D004500D4710B /* Debug */,
				23C80A3E1D7D004500D4710B /* Release */,
			);
			defaultConfigurationIsVisible = 0;
			defaultConfigurationName = Release;
		};
/* End XCConfigurationList section */
	};
	rootObject = 23C80A011D7D004500D4710B /* Project object */;
}
